
Microsoft Visual Studio Solution File, Format Version 12.00
# Visual Studio Version 16
VisualStudioVersion = 16.0.29215.179
MinimumVisualStudioVersion = 10.0.40219.1
Project("{8BC9CEB8-8B4A-11D0-8D11-00A0C91BC942}") = "secp256k1-mw", "secp256k1-mw\secp256k1-mw.vcxproj", "{AA847CC2-CEA3-49F3-807C-EE7C0FB5B38D}"
EndProject
Project("{8BC9CEB8-8B4A-11D0-8D11-00A0C91BC942}") = "secp256k1-bulletproofs", "..\secp256k1-bulletproofs\secp256k1-bulletproofs.vcxproj", "{A32230F2-67DE-4339-AB16-C1F912597328}"
EndProject
Global
	GlobalSection(SolutionConfigurationPlatforms) = preSolution
		Debug|x64 = Debug|x64
		Debug|x86 = Debug|x86
		Release|x64 = Release|x64
		Release|x86 = Release|x86
	EndGlobalSection
	GlobalSection(ProjectConfigurationPlatforms) = postSolution
		{AA847CC2-CEA3-49F3-807C-EE7C0FB5B38D}.Debug|x64.ActiveCfg = Debug|x64
		{AA847CC2-CEA3-49F3-807C-EE7C0FB5B38D}.Debug|x64.Build.0 = Debug|x64
		{AA847CC2-CEA3-49F3-807C-EE7C0FB5B38D}.Debug|x86.ActiveCfg = Debug|Win32
		{AA847CC2-CEA3-49F3-807C-EE7C0FB5B38D}.Debug|x86.Build.0 = Debug|Win32
		{AA847CC2-CEA3-49F3-807C-EE7C0FB5B38D}.Release|x64.ActiveCfg = Release|x64
		{AA847CC2-CEA3-49F3-807C-EE7C0FB5B38D}.Release|x64.Build.0 = Release|x64
		{AA847CC2-CEA3-49F3-807C-EE7C0FB5B38D}.Release|x86.ActiveCfg = Release|Win32
		{AA847CC2-CEA3-49F3-807C-EE7C0FB5B38D}.Release|x86.Build.0 = Release|Win32
		{A32230F2-67DE-4339-AB16-C1F912597328}.Debug|x64.ActiveCfg = Debug|x64
		{A32230F2-67DE-4339-AB16-C1F912597328}.Debug|x64.Build.0 = Debug|x64
		{A32230F2-67DE-4339-AB16-C1F912597328}.Debug|x86.ActiveCfg = Debug|Win32
		{A32230F2-67DE-4339-AB16-C1F912597328}.Debug|x86.Build.0 = Debug|Win32
		{A32230F2-67DE-4339-AB16-C1F912597328}.Release|x64.ActiveCfg = Release|x64
		{A32230F2-67DE-4339-AB16-C1F912597328}.Release|x64.Build.0 = Release|x64
		{A32230F2-67DE-4339-AB16-C1F912597328}.Release|x86.ActiveCfg = Release|Win32
		{A32230F2-67DE-4339-AB16-C1F912597328}.Release|x86.Build.0 = Release|Win32
	EndGlobalSection
	GlobalSection(SolutionProperties) = preSolution
		HideSolutionNode = FALSE
	EndGlobalSection
	GlobalSection(ExtensibilityGlobals) = postSolution
		SolutionGuid = {EFC57667-EEBB-40AC-BC0C-760C85C0B4FD}
	EndGlobalSection
EndGlobal
